
Microsoft Visual Studio Solution File, Format Version 12.00
# Visual Studio Version 16
VisualStudioVersion = 16.0.810.17
MinimumVisualStudioVersion = 10.0.40219.1
Project("{FAE04EC0-301F-11D3-BF4B-00C04F79EFBC}") = "AreaOfCircle", "AreaOfCircle\AreaOfCircle.csproj", "{AFC9E706-B46F-4EAE-8506-33AA76733980}"
EndProject
Global
	GlobalSection(SolutionConfigurationPlatforms) = preSolution
		Debug|Any CPU = Debug|Any CPU
		Release|Any CPU = Release|Any CPU
	EndGlobalSection
	GlobalSection(ProjectConfigurationPlatforms) = postSolution
		{AFC9E706-B46F-4EAE-8506-33AA76733980}.Debug|Any CPU.ActiveCfg = Debug|Any CPU
		{AFC9E706-B46F-4EAE-8506-33AA76733980}.Debug|Any CPU.Build.0 = Debug|Any CPU
		{AFC9E706-B46F-4EAE-8506-33AA76733980}.Release|Any CPU.ActiveCfg = Release|Any CPU
		{AFC9E706-B46F-4EAE-8506-33AA76733980}.Release|Any CPU.Build.0 = Release|Any CPU
	EndGlobalSection
	GlobalSection(SolutionProperties) = preSolution
		HideSolutionNode = FALSE
	EndGlobalSection
	GlobalSection(ExtensibilityGlobals) = postSolution
		SolutionGuid = {57096BA5-23C5-465A-B76E-95A54F9AF838}
	EndGlobalSection
EndGlobal
